
Microsoft Visual Studio Solution File, Format Version 12.00
# Visual Studio Version 17
VisualStudioVersion = 17.12.35506.116
MinimumVisualStudioVersion = 10.0.40219.1
Project("{FAE04EC0-301F-11D3-BF4B-00C04F79EFBC}") = "FlashcardsWEB", "FlashcardsWEB\FlashcardsWEB.csproj", "{ABD3639D-EFA7-4313-843E-9A49F62355DF}"
EndProject
Project("{FAE04EC0-301F-11D3-BF4B-00C04F79EFBC}") = "Flashcards.Domain", "Flashcards.Domain\Flashcards.Domain.csproj", "{BA684B22-E6ED-49DB-8612-B0E6CBE159D5}"
EndProject
Project("{FAE04EC0-301F-11D3-BF4B-00C04F79EFBC}") = "Flashcards.Application", "Flashcards.Application\Flashcards.Application.csproj", "{2AB1EAB3-5B08-4B71-9874-214359647C0D}"
EndProject
Project("{FAE04EC0-301F-11D3-BF4B-00C04F79EFBC}") = "Flashcards.Infrastructure", "Flashcards.Infrastructure\Flashcards.Infrastructure.csproj", "{8C57E88D-2795-40BB-AA7B-1A8D6DD864EB}"
EndProject
Global
	GlobalSection(SolutionConfigurationPlatforms) = preSolution
		Debug|Any CPU = Debug|Any CPU
		Release|Any CPU = Release|Any CPU
	EndGlobalSection
	GlobalSection(ProjectConfigurationPlatforms) = postSolution
		{ABD3639D-EFA7-4313-843E-9A49F62355DF}.Debug|Any CPU.ActiveCfg = Debug|Any CPU
		{ABD3639D-EFA7-4313-843E-9A49F62355DF}.Debug|Any CPU.Build.0 = Debug|Any CPU
		{ABD3639D-EFA7-4313-843E-9A49F62355DF}.Release|Any CPU.ActiveCfg = Release|Any CPU
		{ABD3639D-EFA7-4313-843E-9A49F62355DF}.Release|Any CPU.Build.0 = Release|Any CPU
		{BA684B22-E6ED-49DB-8612-B0E6CBE159D5}.Debug|Any CPU.ActiveCfg = Debug|Any CPU
		{BA684B22-E6ED-49DB-8612-B0E6CBE159D5}.Debug|Any CPU.Build.0 = Debug|Any CPU
		{BA684B22-E6ED-49DB-8612-B0E6CBE159D5}.Release|Any CPU.ActiveCfg = Release|Any CPU
		{BA684B22-E6ED-49DB-8612-B0E6CBE159D5}.Release|Any CPU.Build.0 = Release|Any CPU
		{2AB1EAB3-5B08-4B71-9874-214359647C0D}.Debug|Any CPU.ActiveCfg = Debug|Any CPU
		{2AB1EAB3-5B08-4B71-9874-214359647C0D}.Debug|Any CPU.Build.0 = Debug|Any CPU
		{2AB1EAB3-5B08-4B71-9874-214359647C0D}.Release|Any CPU.ActiveCfg = Release|Any CPU
		{2AB1EAB3-5B08-4B71-9874-214359647C0D}.Release|Any CPU.Build.0 = Release|Any CPU
		{8C57E88D-2795-40BB-AA7B-1A8D6DD864EB}.Debug|Any CPU.ActiveCfg = Debug|Any CPU
		{8C57E88D-2795-40BB-AA7B-1A8D6DD864EB}.Debug|Any CPU.Build.0 = Debug|Any CPU
		{8C57E88D-2795-40BB-AA7B-1A8D6DD864EB}.Release|Any CPU.ActiveCfg = Release|Any CPU
		{8C57E88D-2795-40BB-AA7B-1A8D6DD864EB}.Release|Any CPU.Build.0 = Release|Any CPU
	EndGlobalSection
	GlobalSection(SolutionProperties) = preSolution
		HideSolutionNode = FALSE
	EndGlobalSection
EndGlobal
